{
    "_meta": {
        "hash": {
            "sha256": "31871f94c09383b5ef586ca9e0d53d9fd3bef6973c2a0d90cee17b5b66c1b086"
        },
        "pipfile-spec": 6,
        "requires": {
            "python_version": "3.9"
        },
        "sources": [
            {
                "name": "pypi",
                "url": "https://pypi.org/simple",
                "verify_ssl": true
            }
        ]
    },
    "default": {
        "numpy": {
            "hashes": [
                "sha256:0d245a2bf79188d3f361137608c3cd12ed79076badd743dc660750a9f3074f7c",
                "sha256:26b4018a19d2ad9606ce9089f3d52206a41b23de5dfe8dc947d2ec49ce45d015",
                "sha256:2db01d9838a497ba2aa9a87515aeaf458f42351d72d4e7f3b8ddbd1eba9479f2",
                "sha256:3d62d6b0870b53799204515145935608cdeb4cebb95a26800b6750e48884cc5b",
                "sha256:45a7dfbf9ed8d68fd39763940591db7637cf8817c5bce1a44f7b56c97cbe211e",
                "sha256:4ac4d7c9f8ea2a79d721ebfcce81705fc3cd61a10b731354f1049eb8c99521e8",
                "sha256:60f19c61b589d44fbbab8ff126640ae712e163299c2dd422bfe4edc7ec51aa9b",
                "sha256:632e062569b0fe05654b15ef0e91a53c0a95d08ffe698b66f6ba0f927ad267c2",
                "sha256:65f5e257987601fdfc63f1d02fca4d1c44a2b85b802f03bd6abc2b0b14648dd2",
                "sha256:69958735d5e01f7b38226a6c6e7187d72b7e4d42b6b496aca5860b611ca0c193",
                "sha256:78bfbdf809fc236490e7e65715bbd98377b122f329457fffde206299e163e7f3",
                "sha256:7e957ca8112c689b728037cea9c9567c27cf912741fabda9efc2c7d33d29dfa1",
                "sha256:800dfeaffb2219d49377da1371d710d7952c9533b57f3d51b15e61c4269a1b5b",
                "sha256:831f2df87bd3afdfc77829bc94bd997a7c212663889d56518359c827d7113b1f",
                "sha256:88d54b7b516f0ca38a69590557814de2dd638d7d4ed04864826acaac5ebb8f01",
                "sha256:8d1563060e77096367952fb44fca595f2b2f477156de389ce7c0ade3aef29e21",
                "sha256:b5ec9a5eaf391761c61fd873363ef3560a3614e9b4ead17347e4deda4358bca4",
                "sha256:bcd19dab43b852b03868796f533b5f5561e6c0e3048415e675bec8d2e9d286c1",
                "sha256:c51124df17f012c3b757380782ae46eee85213a3215e51477e559739f57d9bf6",
                "sha256:e348ccf5bc5235fc405ab19d53bec215bb373300e5523c7b476cc0da8a5e9973",
                "sha256:e60ef82c358ded965fdd3132b5738eade055f48067ac8a5a8ac75acc00cad31f",
                "sha256:f8ad59e6e341f38266f1549c7c2ec70ea0e3d1effb62a44e5c3dba41c55f0187"
            ],
            "index": "pypi",
            "version": "==1.22.1"
        },
        "pillow": {
            "hashes": [
                "sha256:03b27b197deb4ee400ed57d8d4e572d2d8d80f825b6634daf6e2c18c3c6ccfa6",
                "sha256:0b281fcadbb688607ea6ece7649c5d59d4bbd574e90db6cd030e9e85bde9fecc",
                "sha256:0ebd8b9137630a7bbbff8c4b31e774ff05bbb90f7911d93ea2c9371e41039b52",
                "sha256:113723312215b25c22df1fdf0e2da7a3b9c357a7d24a93ebbe80bfda4f37a8d4",
                "sha256:2d16b6196fb7a54aff6b5e3ecd00f7c0bab1b56eee39214b2b223a9d938c50af",
                "sha256:2fd8053e1f8ff1844419842fd474fc359676b2e2a2b66b11cc59f4fa0a301315",
                "sha256:31b265496e603985fad54d52d11970383e317d11e18e856971bdbb86af7242a4",
                "sha256:3586e12d874ce2f1bc875a3ffba98732ebb12e18fb6d97be482bd62b56803281",
                "sha256:47f5cf60bcb9fbc46011f75c9b45a8b5ad077ca352a78185bd3e7f1d294b98bb",
                "sha256:490e52e99224858f154975db61c060686df8a6b3f0212a678e5d2e2ce24675c9",
                "sha256:500d397ddf4bbf2ca42e198399ac13e7841956c72645513e8ddf243b31ad2128",
                "sha256:52abae4c96b5da630a8b4247de5428f593465291e5b239f3f843a911a3cf0105",
                "sha256:6579f9ba84a3d4f1807c4aab4be06f373017fc65fff43498885ac50a9b47a553",
                "sha256:68e06f8b2248f6dc8b899c3e7ecf02c9f413aab622f4d6190df53a78b93d97a5",
                "sha256:6c5439bfb35a89cac50e81c751317faea647b9a3ec11c039900cd6915831064d",
                "sha256:72c3110228944019e5f27232296c5923398496b28be42535e3b2dc7297b6e8b6",
                "sha256:72f649d93d4cc4d8cf79c91ebc25137c358718ad75f99e99e043325ea7d56100",
                "sha256:7aaf07085c756f6cb1c692ee0d5a86c531703b6e8c9cae581b31b562c16b98ce",
                "sha256:80fe92813d208ce8aa7d76da878bdc84b90809f79ccbad2a288e9bcbeac1d9bd",
                "sha256:95545137fc56ce8c10de646074d242001a112a92de169986abd8c88c27566a05",
                "sha256:97b6d21771da41497b81652d44191489296555b761684f82b7b544c49989110f",
                "sha256:98cb63ca63cb61f594511c06218ab4394bf80388b3d66cd61d0b1f63ee0ea69f",
                "sha256:9f3b4522148586d35e78313db4db0df4b759ddd7649ef70002b6c3767d0fdeb7",
                "sha256:a09a9d4ec2b7887f7a088bbaacfd5c07160e746e3d47ec5e8050ae3b2a229e9f",
                "sha256:b5050d681bcf5c9f2570b93bee5d3ec8ae4cf23158812f91ed57f7126df91762",
                "sha256:bb47a548cea95b86494a26c89d153fd31122ed65255db5dcbc421a2d28eb3379",
                "sha256:bc462d24500ba707e9cbdef436c16e5c8cbf29908278af053008d9f689f56dee",
                "sha256:c2067b3bb0781f14059b112c9da5a91c80a600a97915b4f48b37f197895dd925",
                "sha256:d154ed971a4cc04b93a6d5b47f37948d1f621f25de3e8fa0c26b2d44f24e3e8f",
                "sha256:d5dcea1387331c905405b09cdbfb34611050cc52c865d71f2362f354faee1e9f",
                "sha256:ee6e2963e92762923956fe5d3479b1fdc3b76c83f290aad131a2f98c3df0593e",
                "sha256:fd0e5062f11cb3e730450a7d9f323f4051b532781026395c4323b8ad055523c4"
            ],
            "index": "pypi",
            "version": "==9.0.0"
        },
        "torch": {
            "hashes": [
                "sha256:01f4ffdafbfbd7d106fb4e487feee2cf29cced9903df8cb0444b0e308f9c5e92",
                "sha256:1c6c56178e5dacf7602ad00dc79c263d6c41c0f76261e9641e6bd2679678ceb3",
                "sha256:26b6dfbe21e247e67c615bfab0017ec391ed1517f88bbeea6228a49edd24cd88",
                "sha256:2ffa2db4ccb6466c59e3f95b7a582d47ae721e476468f4ffbcaa2832e0b92b9b",
                "sha256:40508d67288c46ff1fad301fa6e996e0e936a733f2401475fc92c21dc3ef702d",
                "sha256:50360868ad3f039cf99f0250300dbec51bf686a7b84dc6bbdb8dff4b1171c0f0",
                "sha256:5644280d88c5b6de27eacc0d911f968aad41a4bab297af4df5e571bc0927d3e4",
                "sha256:607eccb7d539a11877cd02d95f4b164b7941fcf538ac7ff087bfed19e3644283",
                "sha256:6b327d7b4eb2461b16d46763d46df71e597235ccc428650538a2735a0898270d",
                "sha256:725d86e9809073eef868a3ddf4189878ee7af46fac71403834dd0925b3db9b82",
                "sha256:8b47bd113c6cbd9a49669aaaa233ad5f25852d6ca3e640f9c71c808e65a1fdf4",
                "sha256:ac8cae04458cc47555fa07a760496c2fdf687223bcc13df5fed56ea3aead37f5",
                "sha256:adbb5f292e260e39715d67478823e03e3001db1af5b02c18caa34549dccb421e",
                "sha256:af577602e884c5e40fbd29ec978f052202355da93cd31e0a23251bd7aaff5a99",
                "sha256:cca660b27a90dbbc0af06c859260f6b875aef37c0897bd353e5deed085d2c877",
                "sha256:d9c495bcd5f00becff5b051b5e4be86b7eaa0433cd0fe57f77c02bc1b93ab5b1",
                "sha256:e3d2154722189ed74747a494dce9588978dd55e43ca24c5bd307fb52620b232b",
                "sha256:fa197cfe047d0515bef238f42472721406609ebaceff2fd4e17f2ad4692ee51c"
            ],
            "index": "pypi",
            "version": "==1.10.1"
        },
        "torchvision": {
            "hashes": [
                "sha256:0f52745f652fe82e962e3399ac19f5ce7fe42e2b6bf73ef24f4aa1f222bbbfca",
                "sha256:12eb97a2b87661914c2a6743ec535b432194b3a17620217cab201733e63d0a8f",
                "sha256:27f0d9088c76edfa3c1f1dcaf965f102437c049f13b599ef02abe99f4d346cb6",
                "sha256:3091e5d3131e0664ca817ef32eff0ec5f79e2f0d61b447ae63bdd2429aff179c",
                "sha256:32cca2b5e0696f59e03c1261444deb81c87c6967d444aaf2d156f3023e741ffe",
                "sha256:3315176f2ee887dcb9d4ada02d103bad837ba065c84d992dce0dbf9dae9ad43c",
                "sha256:3abcfab98dea4bc1e512e99c5b56e66e237bd65569e1c9b1c3c2d459ef50795c",
                "sha256:52b14ce23a6e0a5a1309970888a1febb12e93fe6aed78df8aa115f1cf2019cc6",
                "sha256:63d6f46e083f00ad7ce09d355eb94f512bf41899630240c6c865ca0d9d00718c",
                "sha256:6d84490010761a34d6238987f88f8bccec06914431fc13c221902ea4f54ecb43",
                "sha256:82431c4cf9cce36d6ec5f338b4cc5b96732a4becb359588bbc72fba282d3cfff",
                "sha256:a33c4e5c8456d3cdbb706636f209f318c8544be0f08179056296765db95b981b",
                "sha256:b78b753b01c19f60bf4df078d245609ed6df9265a127d9fbc2ca202409779cda",
                "sha256:bc6b125134278d8b59682a3693bbf99a1eac6306f0eb71314333010d28392a83",
                "sha256:d2aa1e253c9ddcf728a2dc6e771ebaf3201798cf91304cd352795a34daefce51",
                "sha256:eb479be61a28fcff71b1e3ec823641cd75d61229bedab1e83659e3df53ca0159",
                "sha256:ecf3f8f8e548dd7b36c5abca03563a32a6d5cb7e97ceec012df1b6380ed5d4c3",
                "sha256:fe1395b5fe3b5f2111312a8c75dd48176db7b9f129e1f4159bf1fb2aeec54778"
            ],
            "index": "pypi",
            "version": "==0.11.2"
        },
        "typing-extensions": {
            "hashes": [
                "sha256:4ca091dea149f945ec56afb48dae714f21e8692ef22a395223bcd328961b6a0e",
                "sha256:7f001e5ac290a0c0401508864c7ec868be4e701886d5b573a9528ed3973d9d3b"
            ],
            "markers": "python_version >= '3.6'",
            "version": "==4.0.1"
        }
    },
    "develop": {}
}
